{
  "version": 4,
  "terraform_version": "1.16.0",
  "serial": 1,
  "lineage": "dcd2c5c9-f35f-e85f-c570-ee22dd1d704d",
  "outputs": {},
  "resources": [
    {
      "mode": "managed",
      "type": "azurerm_resource_group",
      "name": "cloud_lab",
      "provider": "provider[\"registry.terraform.io/hashicorp/azurerm\"]",
      "instances": [
        {
          "schema_version": 0,
          "attributes": {
            "id": "/subscriptions/2a2ffa7d-ec53-41c9-926a-24bb00479174/resourceGroups/rg-terraform-lab",
            "location": "spaincentral",
            "managed_by": "",
            "name": "rg-terraform-lab",
            "tags": null,
            "timeouts": null
          },
          "sensitive_attributes": [],
          "identity_schema_version": 0,
          "identity": {
            "name": "rg-terraform-lab",
            "subscription_id": "2a2ffa7d-ec53-41c9-926a-24bb00479174"
          },
          "private": "eyJlMmJmYjczMC1lY2FhLTExZTYtOGY4OC0zNDM2M2JjN2M0YzAiOnsiY3JlYXRlIjo1NDAwMDAwMDAwMDAwLCJkZWxldGUiOjU0MDAwMDAwMDAwMDAsInJlYWQiOjMwMDAwMDAwMDAwMCwidXBkYXRlIjo1NDAwMDAwMDAwMDAwfX0="
        }
      ]
    }
  ],
  "check_results": null
}
