{
  "version": 4,
  "terraform_version": "1.16.0",
  "serial": 20,
  "lineage": "18ef665d-ad5b-67df-9e5b-07b853ece1ce",
  "outputs": {},
  "resources": [
    {
      "mode": "managed",
      "type": "azurerm_linux_virtual_machine",
      "name": "cloud_lab",
      "provider": "provider[\"registry.terraform.io/hashicorp/azurerm\"]",
      "instances": [
        {
          "schema_version": 0,
          "attributes": {
            "additional_capabilities": [],
            "admin_password": null,
            "admin_ssh_key": [
              {
                "public_key": "ssh-rsa AAAAB3NzaC1yc2EAAAADAQABAAACAQCSt8zvQeJcHWFFrhfgZfFN8rPNPk8WQnRWoghBAizvjX2OxBjvpCWajJwVxUcK+tlY1TcfLxJVGmJZJI5I0VoHYIKvFI0WNQotWWtC2oierVCY7IlcdZA4SlIrY+znd+yMhC+6L6UYBVXkE3IN4WgoEFbRCXED0/AC9qtHIiGqoDpHVtHqeanEp/lp0egmDfdFr96xI4xANXluuzswOGf/N+nDZbFER8Drlz59EQ3pwT7Z7IG+X7rymB+Sv4jq9CWUDpK2r95LmmZGd/zafp4StBSFWg+IWGWzlBZTqHc4oG94ZgSwOq4J1Ti6uLV5kPcJtIrGViNiRLfNuuhTLRPEYpYxiR7o3fhyszhl32oShPvqhpXaIPg4dLdPztKNr6zeWh/pbWPETRbyFAU0ymCUMD/+QPP6cEmQHvhyyla0sZ0Y+hWANk2KZmEXqKuawVidDJQKTHLnlgtceJyGEJi0lp11KmmoU+AKaQm9TmWs8JGHgraEud/RFV9GPjTSbMdRBQ2Xy/4HY3nbe2S7CrhwwjD3Tpuk42MQkQdaa7SfYBTAwJygy7xw/XuEvP9xrpPaLNl/uu4SqXL+SSdeaN8u90EUAas9Aaefs/CPjA46nJ1Qq5wCa234UPBG4yOk41VGSf19up1taggLLJhnrJLfPPc+BeeTdip8A3ETZ4GXDQ== manto@Mkus-HPFD500\n",
                "username": "azureuser"
              }
            ],
            "admin_username": "azureuser",
            "allow_extension_operations": true,
            "availability_set_id": "",
            "boot_diagnostics": [],
            "bypass_platform_safety_checks_on_user_schedule_enabled": false,
            "capacity_reservation_group_id": "",
            "computer_name": "vm-terraform-lab",
            "custom_data": null,
            "dedicated_host_group_id": "",
            "dedicated_host_id": "",
            "disable_password_authentication": true,
            "disk_controller_type": "SCSI",
            "edge_zone": "",
            "encryption_at_host_enabled": false,
            "eviction_policy": "",
            "extensions_time_budget": "PT1H30M",
            "gallery_application": [],
            "id": "/subscriptions/2a2ffa7d-ec53-41c9-926a-24bb00479174/resourceGroups/rg-cloud-lab/providers/Microsoft.Compute/virtualMachines/vm-terraform-lab",
            "identity": [],
            "license_type": "",
            "location": "spaincentral",
            "max_bid_price": -1,
            "name": "vm-terraform-lab",
            "network_interface_ids": [
              "/subscriptions/2a2ffa7d-ec53-41c9-926a-24bb00479174/resourceGroups/rg-cloud-lab/providers/Microsoft.Network/networkInterfaces/nic-cloud-lab"
            ],
            "os_disk": [
              {
                "caching": "ReadWrite",
                "diff_disk_settings": [],
                "disk_encryption_set_id": "",
                "disk_size_gb": 30,
                "id": "/subscriptions/2a2ffa7d-ec53-41c9-926a-24bb00479174/resourceGroups/rg-cloud-lab/providers/Microsoft.Compute/disks/vm-terraform-lab_OsDisk_1_d0316615f30d40fe83fbf3088df0c2c0",
                "name": "vm-terraform-lab_OsDisk_1_d0316615f30d40fe83fbf3088df0c2c0",
                "secure_vm_disk_encryption_set_id": "",
                "security_encryption_type": "",
                "storage_account_type": "Standard_LRS",
                "write_accelerator_enabled": false
              }
            ],
            "os_image_notification": [],
            "os_managed_disk_id": "/subscriptions/2a2ffa7d-ec53-41c9-926a-24bb00479174/resourceGroups/rg-cloud-lab/providers/Microsoft.Compute/disks/vm-terraform-lab_OsDisk_1_d0316615f30d40fe83fbf3088df0c2c0",
            "patch_assessment_mode": "ImageDefault",
            "patch_mode": "ImageDefault",
            "plan": [],
            "platform_fault_domain": -1,
            "priority": "Regular",
            "private_ip_address": "10.0.1.4",
            "private_ip_addresses": [
              "10.0.1.4"
            ],
            "provision_vm_agent": true,
            "proximity_placement_group_id": "",
            "public_ip_address": "158.158.3.229",
            "public_ip_addresses": [
              "158.158.3.229"
            ],
            "reboot_setting": "",
            "resource_group_name": "rg-cloud-lab",
            "secret": [],
            "secure_boot_enabled": false,
            "size": "Standard_B2ts_v2",
            "source_image_id": "",
            "source_image_reference": [
              {
                "offer": "0001-com-ubuntu-server-jammy",
                "publisher": "Canonical",
                "sku": "22_04-lts-gen2",
                "version": "latest"
              }
            ],
            "tags": null,
            "termination_notification": null,
            "timeouts": null,
            "user_data": "",
            "virtual_machine_id": "5f0e7641-9a12-4c35-8b7a-b308a54f839f",
            "virtual_machine_scale_set_id": "",
            "vm_agent_platform_updates_enabled": true,
            "vtpm_enabled": false,
            "zone": ""
          },
          "sensitive_attributes": [
            [
              {
                "type": "get_attr",
                "value": "admin_password"
              }
            ],
            [
              {
                "type": "get_attr",
                "value": "custom_data"
              }
            ]
          ],
          "identity_schema_version": 0,
          "private": "eyJlMmJmYjczMC1lY2FhLTExZTYtOGY4OC0zNDM2M2JjN2M0YzAiOnsiY3JlYXRlIjoyNzAwMDAwMDAwMDAwLCJkZWxldGUiOjI3MDAwMDAwMDAwMDAsInJlYWQiOjMwMDAwMDAwMDAwMCwidXBkYXRlIjoyNzAwMDAwMDAwMDAwfX0=",
          "dependencies": [
            "azurerm_network_interface.cloud_lab",
            "azurerm_public_ip.cloud_lab",
            "azurerm_resource_group.cloud_lab",
            "azurerm_subnet.cloud_lab",
            "azurerm_virtual_network.cloud_lab"
          ]
        }
      ]
    },
    {
      "mode": "managed",
      "type": "azurerm_network_interface",
      "name": "cloud_lab",
      "provider": "provider[\"registry.terraform.io/hashicorp/azurerm\"]",
      "instances": [
        {
          "schema_version": 0,
          "attributes": {
            "accelerated_networking_enabled": false,
            "applied_dns_servers": [],
            "auxiliary_mode": "",
            "auxiliary_sku": "",
            "dns_servers": [],
            "edge_zone": "",
            "id": "/subscriptions/2a2ffa7d-ec53-41c9-926a-24bb00479174/resourceGroups/rg-cloud-lab/providers/Microsoft.Network/networkInterfaces/nic-cloud-lab",
            "internal_dns_name_label": "",
            "internal_domain_name_suffix": "1g0yguvltffu3ly04t4imlfore.madx.internal.cloudapp.net",
            "ip_configuration": [
              {
                "gateway_load_balancer_frontend_ip_configuration_id": "",
                "name": "internal",
                "primary": true,
                "private_ip_address": "10.0.1.4",
                "private_ip_address_allocation": "Dynamic",
                "private_ip_address_version": "IPv4",
                "public_ip_address_id": "/subscriptions/2a2ffa7d-ec53-41c9-926a-24bb00479174/resourceGroups/rg-cloud-lab/providers/Microsoft.Network/publicIPAddresses/pip-cloud-lab",
                "subnet_id": "/subscriptions/2a2ffa7d-ec53-41c9-926a-24bb00479174/resourceGroups/rg-cloud-lab/providers/Microsoft.Network/virtualNetworks/vnet-cloud-lab/subnets/subnet-cloud-lab"
              }
            ],
            "ip_forwarding_enabled": false,
            "location": "spaincentral",
            "mac_address": "",
            "name": "nic-cloud-lab",
            "private_ip_address": "10.0.1.4",
            "private_ip_addresses": [
              "10.0.1.4"
            ],
            "resource_group_name": "rg-cloud-lab",
            "tags": {},
            "timeouts": null,
            "virtual_machine_id": ""
          },
          "sensitive_attributes": [],
          "identity_schema_version": 0,
          "identity": {
            "name": "nic-cloud-lab",
            "resource_group_name": "rg-cloud-lab",
            "subscription_id": "2a2ffa7d-ec53-41c9-926a-24bb00479174"
          },
          "private": "eyJlMmJmYjczMC1lY2FhLTExZTYtOGY4OC0zNDM2M2JjN2M0YzAiOnsiY3JlYXRlIjoxODAwMDAwMDAwMDAwLCJkZWxldGUiOjE4MDAwMDAwMDAwMDAsInJlYWQiOjMwMDAwMDAwMDAwMCwidXBkYXRlIjoxODAwMDAwMDAwMDAwfX0=",
          "dependencies": [
            "azurerm_public_ip.cloud_lab",
            "azurerm_resource_group.cloud_lab",
            "azurerm_subnet.cloud_lab",
            "azurerm_virtual_network.cloud_lab"
          ]
        }
      ]
    },
    {
      "mode": "managed",
      "type": "azurerm_network_interface_security_group_association",
      "name": "cloud_lab",
      "provider": "provider[\"registry.terraform.io/hashicorp/azurerm\"]",
      "instances": [
        {
          "schema_version": 0,
          "attributes": {
            "id": "/subscriptions/2a2ffa7d-ec53-41c9-926a-24bb00479174/resourceGroups/rg-cloud-lab/providers/Microsoft.Network/networkInterfaces/nic-cloud-lab|/subscriptions/2a2ffa7d-ec53-41c9-926a-24bb00479174/resourceGroups/rg-cloud-lab/providers/Microsoft.Network/networkSecurityGroups/nsg-cloud-lab",
            "network_interface_id": "/subscriptions/2a2ffa7d-ec53-41c9-926a-24bb00479174/resourceGroups/rg-cloud-lab/providers/Microsoft.Network/networkInterfaces/nic-cloud-lab",
            "network_security_group_id": "/subscriptions/2a2ffa7d-ec53-41c9-926a-24bb00479174/resourceGroups/rg-cloud-lab/providers/Microsoft.Network/networkSecurityGroups/nsg-cloud-lab",
            "timeouts": null
          },
          "sensitive_attributes": [],
          "identity_schema_version": 0,
          "private": "eyJlMmJmYjczMC1lY2FhLTExZTYtOGY4OC0zNDM2M2JjN2M0YzAiOnsiY3JlYXRlIjoxODAwMDAwMDAwMDAwLCJkZWxldGUiOjE4MDAwMDAwMDAwMDAsInJlYWQiOjMwMDAwMDAwMDAwMH19",
          "dependencies": [
            "azurerm_network_interface.cloud_lab",
            "azurerm_network_security_group.cloud_lab",
            "azurerm_public_ip.cloud_lab",
            "azurerm_resource_group.cloud_lab",
            "azurerm_subnet.cloud_lab",
            "azurerm_virtual_network.cloud_lab"
          ]
        }
      ]
    },
    {
      "mode": "managed",
      "type": "azurerm_network_security_group",
      "name": "cloud_lab",
      "provider": "provider[\"registry.terraform.io/hashicorp/azurerm\"]",
      "instances": [
        {
          "schema_version": 0,
          "attributes": {
            "id": "/subscriptions/2a2ffa7d-ec53-41c9-926a-24bb00479174/resourceGroups/rg-cloud-lab/providers/Microsoft.Network/networkSecurityGroups/nsg-cloud-lab",
            "location": "spaincentral",
            "name": "nsg-cloud-lab",
            "resource_group_name": "rg-cloud-lab",
            "security_rule": [
              {
                "access": "Allow",
                "description": "",
                "destination_address_prefix": "*",
                "destination_address_prefixes": [],
                "destination_application_security_group_ids": [],
                "destination_port_range": "22",
                "destination_port_ranges": [],
                "direction": "Inbound",
                "name": "allow-ssh",
                "priority": 100,
                "protocol": "Tcp",
                "source_address_prefix": "*",
                "source_address_prefixes": [],
                "source_application_security_group_ids": [],
                "source_port_range": "*",
                "source_port_ranges": []
              }
            ],
            "tags": {},
            "timeouts": null
          },
          "sensitive_attributes": [],
          "identity_schema_version": 0,
          "identity": {
            "name": "nsg-cloud-lab",
            "resource_group_name": "rg-cloud-lab",
            "subscription_id": "2a2ffa7d-ec53-41c9-926a-24bb00479174"
          },
          "private": "eyJlMmJmYjczMC1lY2FhLTExZTYtOGY4OC0zNDM2M2JjN2M0YzAiOnsiY3JlYXRlIjoxODAwMDAwMDAwMDAwLCJkZWxldGUiOjE4MDAwMDAwMDAwMDAsInJlYWQiOjMwMDAwMDAwMDAwMCwidXBkYXRlIjoxODAwMDAwMDAwMDAwfX0=",
          "dependencies": [
            "azurerm_resource_group.cloud_lab"
          ]
        }
      ]
    },
    {
      "mode": "managed",
      "type": "azurerm_network_security_rule",
      "name": "ssh",
      "provider": "provider[\"registry.terraform.io/hashicorp/azurerm\"]",
      "instances": [
        {
          "schema_version": 0,
          "attributes": {
            "access": "Allow",
            "description": "",
            "destination_address_prefix": "*",
            "destination_address_prefixes": [],
            "destination_application_security_group_ids": [],
            "destination_port_range": "22",
            "destination_port_ranges": [],
            "direction": "Inbound",
            "id": "/subscriptions/2a2ffa7d-ec53-41c9-926a-24bb00479174/resourceGroups/rg-cloud-lab/providers/Microsoft.Network/networkSecurityGroups/nsg-cloud-lab/securityRules/allow-ssh",
            "name": "allow-ssh",
            "network_security_group_name": "nsg-cloud-lab",
            "priority": 100,
            "protocol": "Tcp",
            "resource_group_name": "rg-cloud-lab",
            "source_address_prefix": "*",
            "source_address_prefixes": [],
            "source_application_security_group_ids": [],
            "source_port_range": "*",
            "source_port_ranges": [],
            "timeouts": null
          },
          "sensitive_attributes": [],
          "identity_schema_version": 0,
          "identity": {
            "name": "allow-ssh",
            "network_security_group_name": "nsg-cloud-lab",
            "resource_group_name": "rg-cloud-lab",
            "subscription_id": "2a2ffa7d-ec53-41c9-926a-24bb00479174"
          },
          "private": "eyJlMmJmYjczMC1lY2FhLTExZTYtOGY4OC0zNDM2M2JjN2M0YzAiOnsiY3JlYXRlIjoxODAwMDAwMDAwMDAwLCJkZWxldGUiOjE4MDAwMDAwMDAwMDAsInJlYWQiOjMwMDAwMDAwMDAwMCwidXBkYXRlIjoxODAwMDAwMDAwMDAwfX0=",
          "dependencies": [
            "azurerm_network_security_group.cloud_lab",
            "azurerm_resource_group.cloud_lab"
          ]
        }
      ]
    },
    {
      "mode": "managed",
      "type": "azurerm_public_ip",
      "name": "cloud_lab",
      "provider": "provider[\"registry.terraform.io/hashicorp/azurerm\"]",
      "instances": [
        {
          "schema_version": 0,
          "attributes": {
            "allocation_method": "Static",
            "ddos_protection_mode": "VirtualNetworkInherited",
            "ddos_protection_plan_id": null,
            "domain_name_label": "",
            "domain_name_label_scope": "",
            "edge_zone": "",
            "fqdn": "",
            "id": "/subscriptions/2a2ffa7d-ec53-41c9-926a-24bb00479174/resourceGroups/rg-cloud-lab/providers/Microsoft.Network/publicIPAddresses/pip-cloud-lab",
            "idle_timeout_in_minutes": 4,
            "ip_address": "158.158.3.229",
            "ip_tags": {},
            "ip_version": "IPv4",
            "location": "spaincentral",
            "name": "pip-cloud-lab",
            "public_ip_prefix_id": null,
            "resource_group_name": "rg-cloud-lab",
            "reverse_fqdn": "",
            "sku": "Standard",
            "sku_tier": "Regional",
            "tags": {},
            "timeouts": null,
            "zones": []
          },
          "sensitive_attributes": [],
          "identity_schema_version": 0,
          "identity": {
            "name": "pip-cloud-lab",
            "resource_group_name": "rg-cloud-lab",
            "subscription_id": "2a2ffa7d-ec53-41c9-926a-24bb00479174"
          },
          "private": "eyJlMmJmYjczMC1lY2FhLTExZTYtOGY4OC0zNDM2M2JjN2M0YzAiOnsiY3JlYXRlIjoxODAwMDAwMDAwMDAwLCJkZWxldGUiOjE4MDAwMDAwMDAwMDAsInJlYWQiOjMwMDAwMDAwMDAwMCwidXBkYXRlIjoxODAwMDAwMDAwMDAwfX0=",
          "dependencies": [
            "azurerm_resource_group.cloud_lab"
          ]
        }
      ]
    },
    {
      "mode": "managed",
      "type": "azurerm_resource_group",
      "name": "cloud_lab",
      "provider": "provider[\"registry.terraform.io/hashicorp/azurerm\"]",
      "instances": [
        {
          "schema_version": 0,
          "attributes": {
            "id": "/subscriptions/2a2ffa7d-ec53-41c9-926a-24bb00479174/resourceGroups/rg-cloud-lab",
            "location": "spaincentral",
            "managed_by": "",
            "name": "rg-cloud-lab",
            "tags": {},
            "timeouts": null
          },
          "sensitive_attributes": [],
          "identity_schema_version": 0,
          "identity": {
            "name": "rg-cloud-lab",
            "subscription_id": "2a2ffa7d-ec53-41c9-926a-24bb00479174"
          },
          "private": "eyJlMmJmYjczMC1lY2FhLTExZTYtOGY4OC0zNDM2M2JjN2M0YzAiOnsiY3JlYXRlIjo1NDAwMDAwMDAwMDAwLCJkZWxldGUiOjU0MDAwMDAwMDAwMDAsInJlYWQiOjMwMDAwMDAwMDAwMCwidXBkYXRlIjo1NDAwMDAwMDAwMDAwfSwic2NoZW1hX3ZlcnNpb24iOiIwIn0="
        }
      ]
    },
    {
      "mode": "managed",
      "type": "azurerm_subnet",
      "name": "cloud_lab",
      "provider": "provider[\"registry.terraform.io/hashicorp/azurerm\"]",
      "instances": [
        {
          "schema_version": 0,
          "attributes": {
            "address_prefixes": [
              "10.0.1.0/24"
            ],
            "default_outbound_access_enabled": true,
            "delegation": [],
            "id": "/subscriptions/2a2ffa7d-ec53-41c9-926a-24bb00479174/resourceGroups/rg-cloud-lab/providers/Microsoft.Network/virtualNetworks/vnet-cloud-lab/subnets/subnet-cloud-lab",
            "ip_address_pool": [],
            "name": "subnet-cloud-lab",
            "private_endpoint_network_policies": "Disabled",
            "private_link_service_network_policies_enabled": true,
            "resource_group_name": "rg-cloud-lab",
            "service_endpoint_policy_ids": [],
            "service_endpoints": [],
            "sharing_scope": "",
            "timeouts": null,
            "virtual_network_name": "vnet-cloud-lab"
          },
          "sensitive_attributes": [],
          "identity_schema_version": 0,
          "identity": {
            "name": "subnet-cloud-lab",
            "resource_group_name": "rg-cloud-lab",
            "subscription_id": "2a2ffa7d-ec53-41c9-926a-24bb00479174",
            "virtual_network_name": "vnet-cloud-lab"
          },
          "private": "eyJlMmJmYjczMC1lY2FhLTExZTYtOGY4OC0zNDM2M2JjN2M0YzAiOnsiY3JlYXRlIjoxODAwMDAwMDAwMDAwLCJkZWxldGUiOjE4MDAwMDAwMDAwMDAsInJlYWQiOjMwMDAwMDAwMDAwMCwidXBkYXRlIjoxODAwMDAwMDAwMDAwfX0=",
          "dependencies": [
            "azurerm_resource_group.cloud_lab",
            "azurerm_virtual_network.cloud_lab"
          ]
        }
      ]
    },
    {
      "mode": "managed",
      "type": "azurerm_virtual_network",
      "name": "cloud_lab",
      "provider": "provider[\"registry.terraform.io/hashicorp/azurerm\"]",
      "instances": [
        {
          "schema_version": 0,
          "attributes": {
            "address_space": [
              "10.0.0.0/16"
            ],
            "bgp_community": "",
            "ddos_protection_plan": [],
            "dns_servers": [],
            "edge_zone": "",
            "encryption": [],
            "flow_timeout_in_minutes": 0,
            "guid": "5283b5d9-99ab-4e4b-af1a-f4fc862cae8c",
            "id": "/subscriptions/2a2ffa7d-ec53-41c9-926a-24bb00479174/resourceGroups/rg-cloud-lab/providers/Microsoft.Network/virtualNetworks/vnet-cloud-lab",
            "ip_address_pool": [],
            "location": "spaincentral",
            "name": "vnet-cloud-lab",
            "private_endpoint_vnet_policies": "Disabled",
            "resource_group_name": "rg-cloud-lab",
            "subnet": [
              {
                "address_prefixes": [
                  "10.0.1.0/24"
                ],
                "default_outbound_access_enabled": true,
                "delegation": [],
                "id": "/subscriptions/2a2ffa7d-ec53-41c9-926a-24bb00479174/resourceGroups/rg-cloud-lab/providers/Microsoft.Network/virtualNetworks/vnet-cloud-lab/subnets/subnet-cloud-lab",
                "name": "subnet-cloud-lab",
                "private_endpoint_network_policies": "Disabled",
                "private_link_service_network_policies_enabled": true,
                "route_table_id": "",
                "security_group": "",
                "service_endpoint_policy_ids": [],
                "service_endpoints": []
              }
            ],
            "tags": {},
            "timeouts": null
          },
          "sensitive_attributes": [],
          "identity_schema_version": 0,
          "identity": {
            "name": "vnet-cloud-lab",
            "resource_group_name": "rg-cloud-lab",
            "subscription_id": "2a2ffa7d-ec53-41c9-926a-24bb00479174"
          },
          "private": "eyJlMmJmYjczMC1lY2FhLTExZTYtOGY4OC0zNDM2M2JjN2M0YzAiOnsiY3JlYXRlIjoxODAwMDAwMDAwMDAwLCJkZWxldGUiOjE4MDAwMDAwMDAwMDAsInJlYWQiOjMwMDAwMDAwMDAwMCwidXBkYXRlIjoxODAwMDAwMDAwMDAwfX0=",
          "dependencies": [
            "azurerm_resource_group.cloud_lab"
          ]
        }
      ]
    }
  ],
  "check_results": null
}
